
Microsoft Visual Studio Solution File, Format Version 12.00
# Visual Studio Version 16
VisualStudioVersion = 16.0.30914.41
MinimumVisualStudioVersion = 15.0.26124.0
Project("{2150E333-8FDC-42A3-9474-1A3956D46DE8}") = "Solution Items", "Solution Items", "{7E27AA10-111F-4409-ACEB-C7070C0F0434}"
	ProjectSection(SolutionItems) = preProject
		README.md = README.md
	EndProjectSection
EndProject
Project("{2150E333-8FDC-42A3-9474-1A3956D46DE8}") = "src", "src", "{0C40B937-4E76-4958-A999-287B5B7430A4}"
EndProject
Project("{2150E333-8FDC-42A3-9474-1A3956D46DE8}") = "test", "test", "{9CCB70C2-DD54-421C-95C3-2DC58435FFC8}"
EndProject
Project("{9A19103F-16F7-4668-BE54-9A1E7A4F7556}") = "Marck7JR.Gaming", "src\Marck7JR.Gaming\Marck7JR.Gaming.csproj", "{42F7D674-2324-45F3-8828-65BCC91EADE4}"
EndProject
Project("{9A19103F-16F7-4668-BE54-9A1E7A4F7556}") = "Marck7JR.Gaming.Data", "src\Marck7JR.Gaming.Data\Marck7JR.Gaming.Data.csproj", "{A255383C-96B4-4C74-B245-B87DE617DA26}"
EndProject
Project("{9A19103F-16F7-4668-BE54-9A1E7A4F7556}") = "Marck7JR.Gaming.Data.Ubisoft", "src\Marck7JR.Gaming.Data.Ubisoft\Marck7JR.Gaming.Data.Ubisoft.csproj", "{E5EFA886-9A2C-4576-A9A5-EA0C321FCE8D}"
EndProject
Project("{9A19103F-16F7-4668-BE54-9A1E7A4F7556}") = "Marck7JR.Gaming.Data.Tests", "test\Marck7JR.Gaming.Data.Tests\Marck7JR.Gaming.Data.Tests.csproj", "{A4DDB20A-B4D4-4026-AB72-C874E39CF3EA}"
EndProject
Project("{9A19103F-16F7-4668-BE54-9A1E7A4F7556}") = "Marck7JR.Gaming.Data.Ubisoft.Tests", "test\Marck7JR.Gaming.Data.Ubisoft.Tests\Marck7JR.Gaming.Data.Ubisoft.Tests.csproj", "{66D703FD-64BB-4CDA-A090-5DF31888DA84}"
EndProject
Project("{9A19103F-16F7-4668-BE54-9A1E7A4F7556}") = "Marck7JR.Gaming.Data.Steam", "src\Marck7JR.Gaming.Data.Steam\Marck7JR.Gaming.Data.Steam.csproj", "{D4057860-216B-4C49-9D31-AFD5160174FD}"
EndProject
Project("{9A19103F-16F7-4668-BE54-9A1E7A4F7556}") = "Marck7JR.Gaming.Web.Steam", "src\Marck7JR.Gaming.Web.Steam\Marck7JR.Gaming.Web.Steam.csproj", "{1C4F80E2-730A-45A6-A5D0-9681707277C2}"
EndProject
Project("{9A19103F-16F7-4668-BE54-9A1E7A4F7556}") = "Marck7JR.Gaming.Web.Steam.Tests", "test\Marck7JR.Gaming.Web.Steam.Tests\Marck7JR.Gaming.Web.Steam.Tests.csproj", "{CBAAF4CE-779D-4DF1-A64C-EAB488D7665B}"
EndProject
Project("{9A19103F-16F7-4668-BE54-9A1E7A4F7556}") = "Marck7JR.Gaming.Data.Steam.Tests", "src\Marck7JR.Gaming.Data.Steam.Tests\Marck7JR.Gaming.Data.Steam.Tests.csproj", "{CFF07A96-CC67-4E33-BBC6-12044A38BB38}"
EndProject
Project("{FAE04EC0-301F-11D3-BF4B-00C04F79EFBC}") = "Marck7JR.Gaming.Web.EpicGames", "src\Marck7JR.Gaming.Web.EpicGames\Marck7JR.Gaming.Web.EpicGames.csproj", "{516D6E53-4B52-4603-90A7-CB32C6460C96}"
EndProject
Project("{FAE04EC0-301F-11D3-BF4B-00C04F79EFBC}") = "Marck7JR.Gaming.Data.Web.EpicGames.Tests", "test\Marck7JR.Gaming.Data.Web.EpicGames.Tests\Marck7JR.Gaming.Data.Web.EpicGames.Tests.csproj", "{8A76466B-B650-4CA6-BE28-DB6E7D221BF4}"
EndProject
Global
	GlobalSection(SolutionConfigurationPlatforms) = preSolution
		Debug|Any CPU = Debug|Any CPU
		Debug|x64 = Debug|x64
		Debug|x86 = Debug|x86
		Release|Any CPU = Release|Any CPU
		Release|x64 = Release|x64
		Release|x86 = Release|x86
	EndGlobalSection
	GlobalSection(ProjectConfigurationPlatforms) = postSolution
		{42F7D674-2324-45F3-8828-65BCC91EADE4}.Debug|Any CPU.ActiveCfg = Debug|Any CPU
		{42F7D674-2324-45F3-8828-65BCC91EADE4}.Debug|Any CPU.Build.0 = Debug|Any CPU
		{42F7D674-2324-45F3-8828-65BCC91EADE4}.Debug|x64.ActiveCfg = Debug|Any CPU
		{42F7D674-2324-45F3-8828-65BCC91EADE4}.Debug|x64.Build.0 = Debug|Any CPU
		{42F7D674-2324-45F3-8828-65BCC91EADE4}.Debug|x86.ActiveCfg = Debug|Any CPU
		{42F7D674-2324-45F3-8828-65BCC91EADE4}.Debug|x86.Build.0 = Debug|Any CPU
		{42F7D674-2324-45F3-8828-65BCC91EADE4}.Release|Any CPU.ActiveCfg = Release|Any CPU
		{42F7D674-2324-45F3-8828-65BCC91EADE4}.Release|Any CPU.Build.0 = Release|Any CPU
		{42F7D674-2324-45F3-8828-65BCC91EADE4}.Release|x64.ActiveCfg = Release|Any CPU
		{42F7D674-2324-45F3-8828-65BCC91EADE4}.Release|x64.Build.0 = Release|Any CPU
		{42F7D674-2324-45F3-8828-65BCC91EADE4}.Release|x86.ActiveCfg = Release|Any CPU
		{42F7D674-2324-45F3-8828-65BCC91EADE4}.Release|x86.Build.0 = Release|Any CPU
		{A255383C-96B4-4C74-B245-B87DE617DA26}.Debug|Any CPU.ActiveCfg = Debug|Any CPU
		{A255383C-96B4-4C74-B245-B87DE617DA26}.Debug|Any CPU.Build.0 = Debug|Any CPU
		{A255383C-96B4-4C74-B245-B87DE617DA26}.Debug|x64.ActiveCfg = Debug|Any CPU
		{A255383C-96B4-4C74-B245-B87DE617DA26}.Debug|x64.Build.0 = Debug|Any CPU
		{A255383C-96B4-4C74-B245-B87DE617DA26}.Debug|x86.ActiveCfg = Debug|Any CPU
		{A255383C-96B4-4C74-B245-B87DE617DA26}.Debug|x86.Build.0 = Debug|Any CPU
		{A255383C-96B4-4C74-B245-B87DE617DA26}.Release|Any CPU.ActiveCfg = Release|Any CPU
		{A255383C-96B4-4C74-B245-B87DE617DA26}.Release|Any CPU.Build.0 = Release|Any CPU
		{A255383C-96B4-4C74-B245-B87DE617DA26}.Release|x64.ActiveCfg = Release|Any CPU
		{A255383C-96B4-4C74-B245-B87DE617DA26}.Release|x64.Build.0 = Release|Any CPU
		{A255383C-96B4-4C74-B245-B87DE617DA26}.Release|x86.ActiveCfg = Release|Any CPU
		{A255383C-96B4-4C74-B245-B87DE617DA26}.Release|x86.Build.0 = Release|Any CPU
		{E5EFA886-9A2C-4576-A9A5-EA0C321FCE8D}.Debug|Any CPU.ActiveCfg = Debug|Any CPU
		{E5EFA886-9A2C-4576-A9A5-EA0C321FCE8D}.Debug|Any CPU.Build.0 = Debug|Any CPU
		{E5EFA886-9A2C-4576-A9A5-EA0C321FCE8D}.Debug|x64.ActiveCfg = Debug|Any CPU
		{E5EFA886-9A2C-4576-A9A5-EA0C321FCE8D}.Debug|x64.Build.0 = Debug|Any CPU
		{E5EFA886-9A2C-4576-A9A5-EA0C321FCE8D}.Debug|x86.ActiveCfg = Debug|Any CPU
		{E5EFA886-9A2C-4576-A9A5-EA0C321FCE8D}.Debug|x86.Build.0 = Debug|Any CPU
		{E5EFA886-9A2C-4576-A9A5-EA0C321FCE8D}.Release|Any CPU.ActiveCfg = Release|Any CPU
		{E5EFA886-9A2C-4576-A9A5-EA0C321FCE8D}.Release|Any CPU.Build.0 = Release|Any CPU
		{E5EFA886-9A2C-4576-A9A5-EA0C321FCE8D}.Release|x64.ActiveCfg = Release|Any CPU
		{E5EFA886-9A2C-4576-A9A5-EA0C321FCE8D}.Release|x64.Build.0 = Release|Any CPU
		{E5EFA886-9A2C-4576-A9A5-EA0C321FCE8D}.Release|x86.ActiveCfg = Release|Any CPU
		{E5EFA886-9A2C-4576-A9A5-EA0C321FCE8D}.Release|x86.Build.0 = Release|Any CPU
		{A4DDB20A-B4D4-4026-AB72-C874E39CF3EA}.Debug|Any CPU.ActiveCfg = Debug|Any CPU
		{A4DDB20A-B4D4-4026-AB72-C874E39CF3EA}.Debug|Any CPU.Build.0 = Debug|Any CPU
		{A4DDB20A-B4D4-4026-AB72-C874E39CF3EA}.Debug|x64.ActiveCfg = Debug|Any CPU
		{A4DDB20A-B4D4-4026-AB72-C874E39CF3EA}.Debug|x64.Build.0 = Debug|Any CPU
		{A4DDB20A-B4D4-4026-AB72-C874E39CF3EA}.Debug|x86.ActiveCfg = Debug|Any CPU
		{A4DDB20A-B4D4-4026-AB72-C874E39CF3EA}.Debug|x86.Build.0 = Debug|Any CPU
		{A4DDB20A-B4D4-4026-AB72-C874E39CF3EA}.Release|Any CPU.ActiveCfg = Release|Any CPU
		{A4DDB20A-B4D4-4026-AB72-C874E39CF3EA}.Release|Any CPU.Build.0 = Release|Any CPU
		{A4DDB20A-B4D4-4026-AB72-C874E39CF3EA}.Release|x64.ActiveCfg = Release|Any CPU
		{A4DDB20A-B4D4-4026-AB72-C874E39CF3EA}.Release|x64.Build.0 = Release|Any CPU
		{A4DDB20A-B4D4-4026-AB72-C874E39CF3EA}.Release|x86.ActiveCfg = Release|Any CPU
		{A4DDB20A-B4D4-4026-AB72-C874E39CF3EA}.Release|x86.Build.0 = Release|Any CPU
		{66D703FD-64BB-4CDA-A090-5DF31888DA84}.Debug|Any CPU.ActiveCfg = Debug|Any CPU
		{66D703FD-64BB-4CDA-A090-5DF31888DA84}.Debug|Any CPU.Build.0 = Debug|Any CPU
		{66D703FD-64BB-4CDA-A090-5DF31888DA84}.Debug|x64.ActiveCfg = Debug|Any CPU
		{66D703FD-64BB-4CDA-A090-5DF31888DA84}.Debug|x64.Build.0 = Debug|Any CPU
		{66D703FD-64BB-4CDA-A090-5DF31888DA84}.Debug|x86.ActiveCfg = Debug|Any CPU
		{66D703FD-64BB-4CDA-A090-5DF31888DA84}.Debug|x86.Build.0 = Debug|Any CPU
		{66D703FD-64BB-4CDA-A090-5DF31888DA84}.Release|Any CPU.ActiveCfg = Release|Any CPU
		{66D703FD-64BB-4CDA-A090-5DF31888DA84}.Release|Any CPU.Build.0 = Release|Any CPU
		{66D703FD-64BB-4CDA-A090-5DF31888DA84}.Release|x64.ActiveCfg = Release|Any CPU
		{66D703FD-64BB-4CDA-A090-5DF31888DA84}.Release|x64.Build.0 = Release|Any CPU
		{66D703FD-64BB-4CDA-A090-5DF31888DA84}.Release|x86.ActiveCfg = Release|Any CPU
		{66D703FD-64BB-4CDA-A090-5DF31888DA84}.Release|x86.Build.0 = Release|Any CPU
		{D4057860-216B-4C49-9D31-AFD5160174FD}.Debug|Any CPU.ActiveCfg = Debug|Any CPU
		{D4057860-216B-4C49-9D31-AFD5160174FD}.Debug|Any CPU.Build.0 = Debug|Any CPU
		{D4057860-216B-4C49-9D31-AFD5160174FD}.Debug|x64.ActiveCfg = Debug|Any CPU
		{D4057860-216B-4C49-9D31-AFD5160174FD}.Debug|x64.Build.0 = Debug|Any CPU
		{D4057860-216B-4C49-9D31-AFD5160174FD}.Debug|x86.ActiveCfg = Debug|Any CPU
		{D4057860-216B-4C49-9D31-AFD5160174FD}.Debug|x86.Build.0 = Debug|Any CPU
		{D4057860-216B-4C49-9D31-AFD5160174FD}.Release|Any CPU.ActiveCfg = Release|Any CPU
		{D4057860-216B-4C49-9D31-AFD5160174FD}.Release|Any CPU.Build.0 = Release|Any CPU
		{D4057860-216B-4C49-9D31-AFD5160174FD}.Release|x64.ActiveCfg = Release|Any CPU
		{D4057860-216B-4C49-9D31-AFD5160174FD}.Release|x64.Build.0 = Release|Any CPU
		{D4057860-216B-4C49-9D31-AFD5160174FD}.Release|x86.ActiveCfg = Release|Any CPU
		{D4057860-216B-4C49-9D31-AFD5160174FD}.Release|x86.Build.0 = Release|Any CPU
		{1C4F80E2-730A-45A6-A5D0-9681707277C2}.Debug|Any CPU.ActiveCfg = Debug|Any CPU
		{1C4F80E2-730A-45A6-A5D0-9681707277C2}.Debug|Any CPU.Build.0 = Debug|Any CPU
		{1C4F80E2-730A-45A6-A5D0-9681707277C2}.Debug|x64.ActiveCfg = Debug|Any CPU
		{1C4F80E2-730A-45A6-A5D0-9681707277C2}.Debug|x64.Build.0 = Debug|Any CPU
		{1C4F80E2-730A-45A6-A5D0-9681707277C2}.Debug|x86.ActiveCfg = Debug|Any CPU
		{1C4F80E2-730A-45A6-A5D0-9681707277C2}.Debug|x86.Build.0 = Debug|Any CPU
		{1C4F80E2-730A-45A6-A5D0-9681707277C2}.Release|Any CPU.ActiveCfg = Release|Any CPU
		{1C4F80E2-730A-45A6-A5D0-9681707277C2}.Release|Any CPU.Build.0 = Release|Any CPU
		{1C4F80E2-730A-45A6-A5D0-9681707277C2}.Release|x64.ActiveCfg = Release|Any CPU
		{1C4F80E2-730A-45A6-A5D0-9681707277C2}.Release|x64.Build.0 = Release|Any CPU
		{1C4F80E2-730A-45A6-A5D0-9681707277C2}.Release|x86.ActiveCfg = Release|Any CPU
		{1C4F80E2-730A-45A6-A5D0-9681707277C2}.Release|x86.Build.0 = Release|Any CPU
		{CBAAF4CE-779D-4DF1-A64C-EAB488D7665B}.Debug|Any CPU.ActiveCfg = Debug|Any CPU
		{CBAAF4CE-779D-4DF1-A64C-EAB488D7665B}.Debug|Any CPU.Build.0 = Debug|Any CPU
		{CBAAF4CE-779D-4DF1-A64C-EAB488D7665B}.Debug|x64.ActiveCfg = Debug|Any CPU
		{CBAAF4CE-779D-4DF1-A64C-EAB488D7665B}.Debug|x64.Build.0 = Debug|Any CPU
		{CBAAF4CE-779D-4DF1-A64C-EAB488D7665B}.Debug|x86.ActiveCfg = Debug|Any CPU
		{CBAAF4CE-779D-4DF1-A64C-EAB488D7665B}.Debug|x86.Build.0 = Debug|Any CPU
		{CBAAF4CE-779D-4DF1-A64C-EAB488D7665B}.Release|Any CPU.ActiveCfg = Release|Any CPU
		{CBAAF4CE-779D-4DF1-A64C-EAB488D7665B}.Release|Any CPU.Build.0 = Release|Any CPU
		{CBAAF4CE-779D-4DF1-A64C-EAB488D7665B}.Release|x64.ActiveCfg = Release|Any CPU
		{CBAAF4CE-779D-4DF1-A64C-EAB488D7665B}.Release|x64.Build.0 = Release|Any CPU
		{CBAAF4CE-779D-4DF1-A64C-EAB488D7665B}.Release|x86.ActiveCfg = Release|Any CPU
		{CBAAF4CE-779D-4DF1-A64C-EAB488D7665B}.Release|x86.Build.0 = Release|Any CPU
		{CFF07A96-CC67-4E33-BBC6-12044A38BB38}.Debug|Any CPU.ActiveCfg = Debug|Any CPU
		{CFF07A96-CC67-4E33-BBC6-12044A38BB38}.Debug|Any CPU.Build.0 = Debug|Any CPU
		{CFF07A96-CC67-4E33-BBC6-12044A38BB38}.Debug|x64.ActiveCfg = Debug|Any CPU
		{CFF07A96-CC67-4E33-BBC6-12044A38BB38}.Debug|x64.Build.0 = Debug|Any CPU
		{CFF07A96-CC67-4E33-BBC6-12044A38BB38}.Debug|x86.ActiveCfg = Debug|Any CPU
		{CFF07A96-CC67-4E33-BBC6-12044A38BB38}.Debug|x86.Build.0 = Debug|Any CPU
		{CFF07A96-CC67-4E33-BBC6-12044A38BB38}.Release|Any CPU.ActiveCfg = Release|Any CPU
		{CFF07A96-CC67-4E33-BBC6-12044A38BB38}.Release|Any CPU.Build.0 = Release|Any CPU
		{CFF07A96-CC67-4E33-BBC6-12044A38BB38}.Release|x64.ActiveCfg = Release|Any CPU
		{CFF07A96-CC67-4E33-BBC6-12044A38BB38}.Release|x64.Build.0 = Release|Any CPU
		{CFF07A96-CC67-4E33-BBC6-12044A38BB38}.Release|x86.ActiveCfg = Release|Any CPU
		{CFF07A96-CC67-4E33-BBC6-12044A38BB38}.Release|x86.Build.0 = Release|Any CPU
		{516D6E53-4B52-4603-90A7-CB32C6460C96}.Debug|Any CPU.ActiveCfg = Debug|Any CPU
		{516D6E53-4B52-4603-90A7-CB32C6460C96}.Debug|Any CPU.Build.0 = Debug|Any CPU
		{516D6E53-4B52-4603-90A7-CB32C6460C96}.Debug|x64.ActiveCfg = Debug|Any CPU
		{516D6E53-4B52-4603-90A7-CB32C6460C96}.Debug|x64.Build.0 = Debug|Any CPU
		{516D6E53-4B52-4603-90A7-CB32C6460C96}.Debug|x86.ActiveCfg = Debug|Any CPU
		{516D6E53-4B52-4603-90A7-CB32C6460C96}.Debug|x86.Build.0 = Debug|Any CPU
		{516D6E53-4B52-4603-90A7-CB32C6460C96}.Release|Any CPU.ActiveCfg = Release|Any CPU
		{516D6E53-4B52-4603-90A7-CB32C6460C96}.Release|Any CPU.Build.0 = Release|Any CPU
		{516D6E53-4B52-4603-90A7-CB32C6460C96}.Release|x64.ActiveCfg = Release|Any CPU
		{516D6E53-4B52-4603-90A7-CB32C6460C96}.Release|x64.Build.0 = Release|Any CPU
		{516D6E53-4B52-4603-90A7-CB32C6460C96}.Release|x86.ActiveCfg = Release|Any CPU
		{516D6E53-4B52-4603-90A7-CB32C6460C96}.Release|x86.Build.0 = Release|Any CPU
		{8A76466B-B650-4CA6-BE28-DB6E7D221BF4}.Debug|Any CPU.ActiveCfg = Debug|Any CPU
		{8A76466B-B650-4CA6-BE28-DB6E7D221BF4}.Debug|Any CPU.Build.0 = Debug|Any CPU
		{8A76466B-B650-4CA6-BE28-DB6E7D221BF4}.Debug|x64.ActiveCfg = Debug|Any CPU
		{8A76466B-B650-4CA6-BE28-DB6E7D221BF4}.Debug|x64.Build.0 = Debug|Any CPU
		{8A76466B-B650-4CA6-BE28-DB6E7D221BF4}.Debug|x86.ActiveCfg = Debug|Any CPU
		{8A76466B-B650-4CA6-BE28-DB6E7D221BF4}.Debug|x86.Build.0 = Debug|Any CPU
		{8A76466B-B650-4CA6-BE28-DB6E7D221BF4}.Release|Any CPU.ActiveCfg = Release|Any CPU
		{8A76466B-B650-4CA6-BE28-DB6E7D221BF4}.Release|Any CPU.Build.0 = Release|Any CPU
		{8A76466B-B650-4CA6-BE28-DB6E7D221BF4}.Release|x64.ActiveCfg = Release|Any CPU
		{8A76466B-B650-4CA6-BE28-DB6E7D221BF4}.Release|x64.Build.0 = Release|Any CPU
		{8A76466B-B650-4CA6-BE28-DB6E7D221BF4}.Release|x86.ActiveCfg = Release|Any CPU
		{8A76466B-B650-4CA6-BE28-DB6E7D221BF4}.Release|x86.Build.0 = Release|Any CPU
	EndGlobalSection
	GlobalSection(SolutionProperties) = preSolution
		HideSolutionNode = FALSE
	EndGlobalSection
	GlobalSection(NestedProjects) = preSolution
		{42F7D674-2324-45F3-8828-65BCC91EADE4} = {0C40B937-4E76-4958-A999-287B5B7430A4}
		{A255383C-96B4-4C74-B245-B87DE617DA26} = {0C40B937-4E76-4958-A999-287B5B7430A4}
		{E5EFA886-9A2C-4576-A9A5-EA0C321FCE8D} = {0C40B937-4E76-4958-A999-287B5B7430A4}
		{A4DDB20A-B4D4-4026-AB72-C874E39CF3EA} = {9CCB70C2-DD54-421C-95C3-2DC58435FFC8}
		{66D703FD-64BB-4CDA-A090-5DF31888DA84} = {9CCB70C2-DD54-421C-95C3-2DC58435FFC8}
		{D4057860-216B-4C49-9D31-AFD5160174FD} = {0C40B937-4E76-4958-A999-287B5B7430A4}
		{1C4F80E2-730A-45A6-A5D0-9681707277C2} = {0C40B937-4E76-4958-A999-287B5B7430A4}
		{CBAAF4CE-779D-4DF1-A64C-EAB488D7665B} = {9CCB70C2-DD54-421C-95C3-2DC58435FFC8}
		{CFF07A96-CC67-4E33-BBC6-12044A38BB38} = {9CCB70C2-DD54-421C-95C3-2DC58435FFC8}
		{516D6E53-4B52-4603-90A7-CB32C6460C96} = {0C40B937-4E76-4958-A999-287B5B7430A4}
		{8A76466B-B650-4CA6-BE28-DB6E7D221BF4} = {9CCB70C2-DD54-421C-95C3-2DC58435FFC8}
	EndGlobalSection
	GlobalSection(ExtensibilityGlobals) = postSolution
		SolutionGuid = {4A363395-7A39-47BB-A0C9-1F8B7D102821}
	EndGlobalSection
EndGlobal
